Microsoft Visual Studio Solution File, Format Version 12.00
# Visual Studio Version 17
VisualStudioVersion = 17.12.35707.178
MinimumVisualStudioVersion = 10.0.40219.1
Project("{2150E333-8FDC-42A3-9474-1A3956D46DE8}") = "Core", "Core", "{272391A4-3A4D-40C7-8293-2A3E5361489E}"
EndProject
Project("{2150E333-8FDC-42A3-9474-1A3956D46DE8}") = "Frontends", "Frontends", "{486F66D2-22EF-4592-A066-D7C3245AC89E}"
EndProject
Project("{2150E333-8FDC-42A3-9474-1A3956D46DE8}") = "Infrastructure", "Infrastructure", "{5616308F-8310-47FC-B86A-7892DAE4F37C}"
EndProject
Project("{2150E333-8FDC-42A3-9474-1A3956D46DE8}") = "Presentation", "Presentation", "{8CBDD5CD-5388-4E18-878A-39E56EB3FDAE}"
EndProject
Project("{2150E333-8FDC-42A3-9474-1A3956D46DE8}") = "Requirements", "Requirements", "{1E84817D-B719-417A-A6E7-FA909E729F96}"
EndProject
Project("{FAE04EC0-301F-11D3-BF4B-00C04F79EFBC}") = "MovieApi.Domain", "Core\MovieApi.Domain\MovieApi.Domain.csproj", "{7AEB9240-C4B3-4F1C-A8AC-36C37D988A86}"
EndProject
Project("{FAE04EC0-301F-11D3-BF4B-00C04F79EFBC}") = "MovieApi.Persistence", "Infrastructure\MovieApi.Persistence\MovieApi.Persistence.csproj", "{7C3F02BD-8671-4B38-B00D-2B29004A0D0B}"
EndProject
Project("{FAE04EC0-301F-11D3-BF4B-00C04F79EFBC}") = "MovieApi.WebApi", "Presentation\MovieApi.WebApi\MovieApi.WebApi.csproj", "{6EE43169-2E9C-413E-8320-3601695AA008}"
EndProject
Project("{FAE04EC0-301F-11D3-BF4B-00C04F79EFBC}") = "MovieApi.Application", "Core\MovieApi.Application\MovieApi.Application.csproj", "{2BC0C270-B92D-438D-8E68-235B534CBCDF}"
EndProject
Global
	GlobalSection(SolutionConfigurationPlatforms) = preSolution
		Debug|Any CPU = Debug|Any CPU
		Release|Any CPU = Release|Any CPU
	EndGlobalSection
	GlobalSection(ProjectConfigurationPlatforms) = postSolution
		{7AEB9240-C4B3-4F1C-A8AC-36C37D988A86}.Debug|Any CPU.ActiveCfg = Debug|Any CPU
		{7AEB9240-C4B3-4F1C-A8AC-36C37D988A86}.Debug|Any CPU.Build.0 = Debug|Any CPU
		{7AEB9240-C4B3-4F1C-A8AC-36C37D988A86}.Release|Any CPU.ActiveCfg = Release|Any CPU
		{7AEB9240-C4B3-4F1C-A8AC-36C37D988A86}.Release|Any CPU.Build.0 = Release|Any CPU
		{7C3F02BD-8671-4B38-B00D-2B29004A0D0B}.Debug|Any CPU.ActiveCfg = Debug|Any CPU
		{7C3F02BD-8671-4B38-B00D-2B29004A0D0B}.Debug|Any CPU.Build.0 = Debug|Any CPU
		{7C3F02BD-8671-4B38-B00D-2B29004A0D0B}.Release|Any CPU.ActiveCfg = Release|Any CPU
		{7C3F02BD-8671-4B38-B00D-2B29004A0D0B}.Release|Any CPU.Build.0 = Release|Any CPU
		{6EE43169-2E9C-413E-8320-3601695AA008}.Debug|Any CPU.ActiveCfg = Debug|Any CPU
		{6EE43169-2E9C-413E-8320-3601695AA008}.Debug|Any CPU.Build.0 = Debug|Any CPU
		{6EE43169-2E9C-413E-8320-3601695AA008}.Release|Any CPU.ActiveCfg = Release|Any CPU
		{6EE43169-2E9C-413E-8320-3601695AA008}.Release|Any CPU.Build.0 = Release|Any CPU
		{2BC0C270-B92D-438D-8E68-235B534CBCDF}.Debug|Any CPU.ActiveCfg = Debug|Any CPU
		{2BC0C270-B92D-438D-8E68-235B534CBCDF}.Debug|Any CPU.Build.0 = Debug|Any CPU
		{2BC0C270-B92D-438D-8E68-235B534CBCDF}.Release|Any CPU.ActiveCfg = Release|Any CPU
		{2BC0C270-B92D-438D-8E68-235B534CBCDF}.Release|Any CPU.Build.0 = Release|Any CPU
	EndGlobalSection
	GlobalSection(SolutionProperties) = preSolution
		HideSolutionNode = FALSE
	EndGlobalSection
	GlobalSection(NestedProjects) = preSolution
		{7AEB9240-C4B3-4F1C-A8AC-36C37D988A86} = {272391A4-3A4D-40C7-8293-2A3E5361489E}
		{7C3F02BD-8671-4B38-B00D-2B29004A0D0B} = {5616308F-8310-47FC-B86A-7892DAE4F37C}
		{6EE43169-2E9C-413E-8320-3601695AA008} = {8CBDD5CD-5388-4E18-878A-39E56EB3FDAE}
		{2BC0C270-B92D-438D-8E68-235B534CBCDF} = {272391A4-3A4D-40C7-8293-2A3E5361489E}
	EndGlobalSection
EndGlobal
